
Microsoft Visual Studio Solution File, Format Version 12.00
# Visual Studio 15
Project("{FAE04EC0-301F-11D3-BF4B-00C04F79EFBC}") = "MoMath", "Assembly-CSharp.csproj", "{9BB332BD-D101-13A1-C35F-38F1155EB5B7}"
EndProject
Project("{FAE04EC0-301F-11D3-BF4B-00C04F79EFBC}") = "MoMath", "Assembly-CSharp-Editor.csproj", "{B474D1FC-4B91-9A8D-FA53-ADB9C9190BD3}"
EndProject
Global
	GlobalSection(SolutionConfigurationPlatforms) = preSolution
		Debug|Any CPU = Debug|Any CPU
		Release|Any CPU = Release|Any CPU
	EndGlobalSection
	GlobalSection(ProjectConfigurationPlatforms) = postSolution
		{9BB332BD-D101-13A1-C35F-38F1155EB5B7}.Debug|Any CPU.ActiveCfg = Debug|Any CPU
		{9BB332BD-D101-13A1-C35F-38F1155EB5B7}.Debug|Any CPU.Build.0 = Debug|Any CPU
		{9BB332BD-D101-13A1-C35F-38F1155EB5B7}.Release|Any CPU.ActiveCfg = Release|Any CPU
		{9BB332BD-D101-13A1-C35F-38F1155EB5B7}.Release|Any CPU.Build.0 = Release|Any CPU
		{B474D1FC-4B91-9A8D-FA53-ADB9C9190BD3}.Debug|Any CPU.ActiveCfg = Debug|Any CPU
		{B474D1FC-4B91-9A8D-FA53-ADB9C9190BD3}.Debug|Any CPU.Build.0 = Debug|Any CPU
		{B474D1FC-4B91-9A8D-FA53-ADB9C9190BD3}.Release|Any CPU.ActiveCfg = Release|Any CPU
		{B474D1FC-4B91-9A8D-FA53-ADB9C9190BD3}.Release|Any CPU.Build.0 = Release|Any CPU
	EndGlobalSection
	GlobalSection(SolutionProperties) = preSolution
		HideSolutionNode = FALSE
	EndGlobalSection
EndGlobal
